
Microsoft Visual Studio Solution File, Format Version 12.00
# Visual Studio Version 16
VisualStudioVersion = 16.0.32126.315
MinimumVisualStudioVersion = 10.0.40219.1
Project("{FAE04EC0-301F-11D3-BF4B-00C04F79EFBC}") = "Restaurant-Mvc", "Restaurant-Mvc\Restaurant-Mvc.csproj", "{2FB2CA85-7529-4CB3-9946-FFB966D3FD88}"
EndProject
Global
	GlobalSection(SolutionConfigurationPlatforms) = preSolution
		Debug|Any CPU = Debug|Any CPU
		Release|Any CPU = Release|Any CPU
	EndGlobalSection
	GlobalSection(ProjectConfigurationPlatforms) = postSolution
		{2FB2CA85-7529-4CB3-9946-FFB966D3FD88}.Debug|Any CPU.ActiveCfg = Debug|Any CPU
		{2FB2CA85-7529-4CB3-9946-FFB966D3FD88}.Debug|Any CPU.Build.0 = Debug|Any CPU
		{2FB2CA85-7529-4CB3-9946-FFB966D3FD88}.Release|Any CPU.ActiveCfg = Release|Any CPU
		{2FB2CA85-7529-4CB3-9946-FFB966D3FD88}.Release|Any CPU.Build.0 = Release|Any CPU
	EndGlobalSection
	GlobalSection(SolutionProperties) = preSolution
		HideSolutionNode = FALSE
	EndGlobalSection
	GlobalSection(ExtensibilityGlobals) = postSolution
		SolutionGuid = {DA29753B-86D6-456F-BCFC-99FAC4581441}
	EndGlobalSection
EndGlobal
